{
  "name": "katex-ast-oracle",
  "version": "0.1.0",
  "lockfileVersion": 3,
  "requires": true,
  "packages": {
    "": {
      "name": "katex-ast-oracle",
      "version": "0.1.0",
      "dependencies": {
        "katex": "0.18.1"
      }
    },
    "node_modules/commander": {
      "version": "8.3.0",
      "resolved": "https://registry.npmjs.org/commander/-/commander-8.3.0.tgz",
      "integrity": "sha512-OkTL9umf+He2DZkUq8f8J9of7yL6RJKI24dVITBmNfZBmri9zYZQrKkuXiKhyfPSu8tUhnVBB1iKXevvnlR4Ww==",
      "engines": {
        "node": ">= 12"
      }
    },
    "node_modules/katex": {
      "version": "0.18.1",
      "resolved": "https://registry.npmjs.org/katex/-/katex-0.18.1.tgz",
      "integrity": "sha512-Td8GCYSxDAoMhHOlKmCFMJ/hz5qlAAb71n66Dryw9nfCVfumLo7nhuotbvKom/XPADmrYC3O5QR71EPq4DarJQ==",
      "funding": [
        "https://opencollective.com/katex",
        "https://github.com/sponsors/katex"
      ],
      "dependencies": {
        "commander": "^8.3.0"
      },
      "bin": {
        "katex": "cli.js"
      }
    }
  }
}
